#MicroXplorer Configuration settings - do not modify
Mcu.Family=STM32F4
ProjectManager.MainLocation=Core/Src
PC15-OSC32_OUT.Mode=LSE-External-Oscillator
ProjectManager.ProjectFileName=Test2_Print_Yun.ioc
PH0-OSC_IN.Signal=RCC_OSC_IN
RCC.CortexFreq_Value=16000000
ProjectManager.KeepUserCode=true
PA10.Mode=Asynchronous
PE11.GPIOParameters=GPIO_PuPd,GPIO_Label,GPIO_ModeDefaultEXTI
Mcu.UserName=STM32F407VETx
Mcu.PinsNb=15
ProjectManager.NoMain=false
PC13-ANTI_TAMP.GPIO_Label=RED_LED
PE11.GPIO_Label=SW_BLUE
RCC.PLLCLKFreq_Value=96000000
RCC.PLLQCLKFreq_Value=48000000
ProjectManager.functionlistsort=1-MX_GPIO_Init-GPIO-false-LL-true,2-SystemClock_Config-RCC-false-LL-false,3-MX_USART1_UART_Init-USART1-false-LL-true
RCC.RTCFreq_Value=32000
ProjectManager.DefaultFWLocation=true
ProjectManager.DeletePrevious=true
USART1.IPParameters=VirtualMode
PC14-OSC32_IN.Signal=RCC_OSC32_IN
PinOutPanel.RotationAngle=0
RCC.FamilyName=M
PE5.GPIOParameters=PinState,GPIO_Label
PC13-ANTI_TAMP.PinState=GPIO_PIN_SET
ProjectManager.StackSize=0x400
SH.GPXTI13.0=GPIO_EXTI13
PE15.GPIOParameters=GPIO_PuPd,GPIO_Label,GPIO_ModeDefaultEXTI
PA13.Signal=SYS_JTMS-SWDIO
NVIC.SVCall_IRQn=true\:0\:0\:false\:false\:true\:false\:false
Mcu.IP2=SYS
Mcu.IP3=USART1
PE11.GPIO_ModeDefaultEXTI=GPIO_MODE_IT_RISING_FALLING
Mcu.IP0=NVIC
PA9.Mode=Asynchronous
Mcu.IP1=RCC
PE15.GPIO_Label=SW_RED
Mcu.UserConstants=
ProjectManager.TargetToolchain=STM32CubeIDE
PE11.GPIO_PuPd=GPIO_PULLUP
SH.GPXTI13.ConfNb=1
Mcu.ThirdPartyNb=0
Mcu.IPNb=4
RCC.I2SClocksFreq_Value=96000000
ProjectManager.PreviousToolchain=
PA9.Signal=USART1_TX
RCC.VcooutputI2S=96000000
Mcu.Pin6=PH1-OSC_OUT
Mcu.Pin7=PE11
ProjectManager.RegisterCallBack=
PE5.Signal=GPIO_Output
Mcu.Pin8=PE13
Mcu.Pin9=PE15
PE11.Signal=GPXTI11
PC15-OSC32_OUT.Signal=RCC_OSC32_OUT
RCC.AHBFreq_Value=16000000
PH0-OSC_IN.Mode=HSE-External-Oscillator
PE3.PinState=GPIO_PIN_SET
Mcu.Pin0=PE3
Mcu.Pin1=PE5
GPIO.groupedBy=Group By Peripherals
Mcu.Pin2=PC13-ANTI_TAMP
Mcu.Pin3=PC14-OSC32_IN
Mcu.Pin4=PC15-OSC32_OUT
NVIC.EXTI15_10_IRQn=true\:0\:0\:false\:false\:true\:true\:true
RCC.VCOI2SOutputFreq_Value=192000000
Mcu.Pin5=PH0-OSC_IN
ProjectManager.ProjectBuild=false
RCC.HSE_VALUE=25000000
PE13.GPIOParameters=GPIO_PuPd,GPIO_Label,GPIO_ModeDefaultEXTI
NVIC.UsageFault_IRQn=true\:0\:0\:false\:false\:true\:false\:false
NVIC.DebugMonitor_IRQn=true\:0\:0\:false\:false\:true\:false\:false
board=custom
PC13-ANTI_TAMP.Signal=GPIO_Output
RCC.VCOOutputFreq_Value=192000000
PC13-ANTI_TAMP.Locked=true
NVIC.SysTick_IRQn=true\:0\:0\:false\:false\:true\:false\:true
ProjectManager.LastFirmware=true
PE13.GPIO_PuPd=GPIO_PULLUP
PE13.GPIO_ModeDefaultEXTI=GPIO_MODE_IT_RISING_FALLING
ProjectManager.FirmwarePackage=STM32Cube FW_F4 V1.26.1
MxDb.Version=DB.6.0.21
PE15.Locked=true
RCC.APB2Freq_Value=16000000
PE13.Signal=GPXTI13
PE15.Signal=GPXTI15
ProjectManager.BackupPrevious=false
MxCube.Version=6.2.1
PC14-OSC32_IN.Mode=LSE-External-Oscillator
RCC.VCOInputFreq_Value=1000000
PA14.Mode=Serial_Wire
File.Version=6
VP_SYS_VS_Systick.Mode=SysTick
PE5.PinState=GPIO_PIN_SET
PE3.GPIOParameters=PinState,GPIO_Label
PH1-OSC_OUT.Signal=RCC_OSC_OUT
PE3.Locked=true
NVIC.NonMaskableInt_IRQn=true\:0\:0\:false\:false\:true\:false\:false
PE5.Locked=true
SH.GPXTI11.ConfNb=1
NVIC.PendSV_IRQn=true\:0\:0\:false\:false\:true\:false\:false
PA13.Mode=Serial_Wire
ProjectManager.FreePins=false
RCC.IPParameters=AHBFreq_Value,APB1Freq_Value,APB2Freq_Value,CortexFreq_Value,FamilyName,HSE_VALUE,HSI_VALUE,I2SClocksFreq_Value,LSI_VALUE,PLLCLKFreq_Value,PLLQCLKFreq_Value,RTCFreq_Value,RTCHSEDivFreq_Value,SYSCLKFreq_VALUE,VCOI2SOutputFreq_Value,VCOInputFreq_Value,VCOOutputFreq_Value,VcooutputI2S
PE11.Locked=true
ProjectManager.AskForMigrate=true
Mcu.Name=STM32F407V(E-G)Tx
ProjectManager.HalAssertFull=false
RCC.RTCHSEDivFreq_Value=12500000
ProjectManager.ProjectName=Test2_Print_Yun
ProjectManager.UnderRoot=true
PE13.Locked=true
ProjectManager.CoupleFile=true
PH1-OSC_OUT.Mode=HSE-External-Oscillator
RCC.SYSCLKFreq_VALUE=16000000
Mcu.Package=LQFP100
PE13.GPIO_Label=SW_GREEN
SH.GPXTI11.0=GPIO_EXTI11
NVIC.ForceEnableDMAVector=true
KeepUserPlacement=false
NVIC.MemoryManagement_IRQn=true\:0\:0\:false\:false\:true\:false\:false
PE5.GPIO_Label=GREEN_LED
USART1.VirtualMode=VM_ASYNC
ProjectManager.CompilerOptimize=6
ProjectManager.ToolChainLocation=
RCC.LSI_VALUE=32000
VP_SYS_VS_Systick.Signal=SYS_VS_Systick
PA10.Signal=USART1_RX
PA14.Signal=SYS_JTCK-SWCLK
PE15.GPIO_PuPd=GPIO_PULLUP
ProjectManager.HeapSize=0x200
NVIC.HardFault_IRQn=true\:0\:0\:false\:false\:true\:false\:false
PE15.GPIO_ModeDefaultEXTI=GPIO_MODE_IT_RISING_FALLING
Mcu.Pin13=PA14
Mcu.Pin14=VP_SYS_VS_Systick
SH.GPXTI15.ConfNb=1
ProjectManager.ComputerToolchain=false
RCC.HSI_VALUE=16000000
NVIC.PriorityGroup=NVIC_PRIORITYGROUP_4
SH.GPXTI15.0=GPIO_EXTI15
Mcu.Pin11=PA10
Mcu.Pin12=PA13
Mcu.Pin10=PA9
PE3.Signal=GPIO_Output
PE3.GPIO_Label=BLUE_LED
NVIC.BusFault_IRQn=true\:0\:0\:false\:false\:true\:false\:false
NVIC.USART1_IRQn=true\:0\:0\:false\:false\:true\:true\:true
RCC.APB1Freq_Value=16000000
ProjectManager.CustomerFirmwarePackage=
ProjectManager.DeviceId=STM32F407VETx
ProjectManager.LibraryCopy=1
PC13-ANTI_TAMP.GPIOParameters=PinState,GPIO_Label
isbadioc=false
